
Microsoft Visual Studio Solution File, Format Version 12.00
# Visual Studio Version 17
VisualStudioVersion = 17.0.31717.71
MinimumVisualStudioVersion = 10.0.40219.1
Project("{FAE04EC0-301F-11D3-BF4B-00C04F79EFBC}") = "CarRepairService", "CarRepairService\CarRepairService.csproj", "{EE05FB88-4F9B-465D-85FA-A8E8C52A2743}"
EndProject
Global
	GlobalSection(SolutionConfigurationPlatforms) = preSolution
		Debug|Any CPU = Debug|Any CPU
		Release|Any CPU = Release|Any CPU
	EndGlobalSection
	GlobalSection(ProjectConfigurationPlatforms) = postSolution
		{EE05FB88-4F9B-465D-85FA-A8E8C52A2743}.Debug|Any CPU.ActiveCfg = Debug|Any CPU
		{EE05FB88-4F9B-465D-85FA-A8E8C52A2743}.Debug|Any CPU.Build.0 = Debug|Any CPU
		{EE05FB88-4F9B-465D-85FA-A8E8C52A2743}.Release|Any CPU.ActiveCfg = Release|Any CPU
		{EE05FB88-4F9B-465D-85FA-A8E8C52A2743}.Release|Any CPU.Build.0 = Release|Any CPU
	EndGlobalSection
	GlobalSection(SolutionProperties) = preSolution
		HideSolutionNode = FALSE
	EndGlobalSection
	GlobalSection(ExtensibilityGlobals) = postSolution
		SolutionGuid = {BD135282-BEFF-4B9D-B805-95EB2C76D773}
	EndGlobalSection
EndGlobal
